
Microsoft Visual Studio Solution File, Format Version 12.00
# Visual Studio Version 17
VisualStudioVersion = 17.0.31919.166
MinimumVisualStudioVersion = 10.0.40219.1
Project("{9A19103F-16F7-4668-BE54-9A1E7A4F7556}") = "LeetCodeTesting", "LeetCodeTesting\LeetCodeTesting.csproj", "{7ABBF5CA-548C-423E-8A49-9F7500339D7F}"
EndProject
Project("{FAE04EC0-301F-11D3-BF4B-00C04F79EFBC}") = "LeetCodeTestingUnitTest", "LeetCodeTestingUnitTest\LeetCodeTestingUnitTest.csproj", "{57BBD470-58EC-4062-9DE6-A495742B7AFE}"
EndProject
Global
	GlobalSection(SolutionConfigurationPlatforms) = preSolution
		Debug|Any CPU = Debug|Any CPU
		Release|Any CPU = Release|Any CPU
	EndGlobalSection
	GlobalSection(ProjectConfigurationPlatforms) = postSolution
		{7ABBF5CA-548C-423E-8A49-9F7500339D7F}.Debug|Any CPU.ActiveCfg = Debug|Any CPU
		{7ABBF5CA-548C-423E-8A49-9F7500339D7F}.Debug|Any CPU.Build.0 = Debug|Any CPU
		{7ABBF5CA-548C-423E-8A49-9F7500339D7F}.Release|Any CPU.ActiveCfg = Release|Any CPU
		{7ABBF5CA-548C-423E-8A49-9F7500339D7F}.Release|Any CPU.Build.0 = Release|Any CPU
		{57BBD470-58EC-4062-9DE6-A495742B7AFE}.Debug|Any CPU.ActiveCfg = Debug|Any CPU
		{57BBD470-58EC-4062-9DE6-A495742B7AFE}.Debug|Any CPU.Build.0 = Debug|Any CPU
		{57BBD470-58EC-4062-9DE6-A495742B7AFE}.Release|Any CPU.ActiveCfg = Release|Any CPU
		{57BBD470-58EC-4062-9DE6-A495742B7AFE}.Release|Any CPU.Build.0 = Release|Any CPU
	EndGlobalSection
	GlobalSection(SolutionProperties) = preSolution
		HideSolutionNode = FALSE
	EndGlobalSection
	GlobalSection(ExtensibilityGlobals) = postSolution
		SolutionGuid = {F77E1B85-4C8E-4721-B7EE-A08181646352}
	EndGlobalSection
EndGlobal
